// !$*UTF8*$!
{
	archiveVersion = 1;
	classes = {
	};
	objectVersion = 50;
	objects = {

/* Begin PBXBuildFile section */
		6D9BE6B62368A3F400DF9515 /* ex_04.swift in Sources */ = {isa = PBXBuildFile; fileRef = 6D9BE6B52368A3F400DF9515 /* ex_04.swift */; };
		6DBF433F2368362A0099A947 /* main.swift in Sources */ = {isa = PBXBuildFile; fileRef = 6DBF433E2368362A0099A947 /* main.swift */; };
		6DBF4346236836870099A947 /* ex_01.swift in Sources */ = {isa = PBXBuildFile; fileRef = 6DBF4345236836870099A947 /* ex_01.swift */; };
		6DBF43482368374F0099A947 /* ex_02.swift in Sources */ = {isa = PBXBuildFile; fileRef = 6DBF43472368374F0099A947 /* ex_02.swift */; };
		6DBF434A236899730099A947 /* ex_03.swift in Sources */ = {isa = PBXBuildFile; fileRef = 6DBF4349236899730099A947 /* ex_03.swift */; };
/* End PBXBuildFile section */

/* Begin PBXCopyFilesBuildPhase section */
		6DBF43392368362A0099A947 /* CopyFiles */ = {
			isa = PBXCopyFilesBuildPhase;
			buildActionMask = 2147483647;
			dstPath = /usr/share/man/man1/;
			dstSubfolderSpec = 0;
			files = (
			);
			runOnlyForDeploymentPostprocessing = 1;
		};
/* End PBXCopyFilesBuildPhase section */

/* Begin PBXFileReference section */
		6D9BE6B52368A3F400DF9515 /* ex_04.swift */ = {isa = PBXFileReference; lastKnownFileType = sourcecode.swift; path = ex_04.swift; sourceTree = "<group>"; };
		6DBF433B2368362A0099A947 /* Day08_exercises */ = {isa = PBXFileReference; explicitFileType = "compiled.mach-o.executable"; includeInIndex = 0; path = Day08_exercises; sourceTree = BUILT_PRODUCTS_DIR; };
		6DBF433E2368362A0099A947 /* main.swift */ = {isa = PBXFileReference; lastKnownFileType = sourcecode.swift; path = main.swift; sourceTree = "<group>"; };
		6DBF4345236836870099A947 /* ex_01.swift */ = {isa = PBXFileReference; lastKnownFileType = sourcecode.swift; path = ex_01.swift; sourceTree = "<group>"; };
		6DBF43472368374F0099A947 /* ex_02.swift */ = {isa = PBXFileReference; lastKnownFileType = sourcecode.swift; path = ex_02.swift; sourceTree = "<group>"; };
		6DBF4349236899730099A947 /* ex_03.swift */ = {isa = PBXFileReference; lastKnownFileType = sourcecode.swift; path = ex_03.swift; sourceTree = "<group>"; };
/* End PBXFileReference section */

/* Begin PBXFrameworksBuildPhase section */
		6DBF43382368362A0099A947 /* Frameworks */ = {
			isa = PBXFrameworksBuildPhase;
			buildActionMask = 2147483647;
			files = (
			);
			runOnlyForDeploymentPostprocessing = 0;
		};
/* End PBXFrameworksBuildPhase section */

/* Begin PBXGroup section */
		6DBF4332236836290099A947 = {
			isa = PBXGroup;
			children = (
				6DBF433D2368362A0099A947 /* Day08_exercises */,
				6DBF433C2368362A0099A947 /* Products */,
			);
			sourceTree = "<group>";
		};
		6DBF433C2368362A0099A947 /* Products */ = {
			isa = PBXGroup;
			children = (
				6DBF433B2368362A0099A947 /* Day08_exercises */,
			);
			name = Products;
			sourceTree = "<group>";
		};
		6DBF433D2368362A0099A947 /* Day08_exercises */ = {
			isa = PBXGroup;
			children = (
				6DBF433E2368362A0099A947 /* main.swift */,
				6DBF43472368374F0099A947 /* ex_02.swift */,
				6DBF4345236836870099A947 /* ex_01.swift */,
				6DBF4349236899730099A947 /* ex_03.swift */,
				6D9BE6B52368A3F400DF9515 /* ex_04.swift */,
			);
			path = Day08_exercises;
			sourceTree = "<group>";
		};
/* End PBXGroup section */

/* Begin PBXNativeTarget section */
		6DBF433A2368362A0099A947 /* Day08_exercises */ = {
			isa = PBXNativeTarget;
			buildConfigurationList = 6DBF43422368362A0099A947 /* Build configuration list for PBXNativeTarget "Day08_exercises" */;
			buildPhases = (
				6DBF43372368362A0099A947 /* Sources */,
				6DBF43382368362A0099A947 /* Frameworks */,
				6DBF43392368362A0099A947 /* CopyFiles */,
			);
			buildRules = (
			);
			dependencies = (
			);
			name = Day08_exercises;
			productName = Day08_exercises;
			productReference = 6DBF433B2368362A0099A947 /* Day08_exercises */;
			productType = "com.apple.product-type.tool";
		};
/* End PBXNativeTarget section */

/* Begin PBXProject section */
		6DBF4333236836290099A947 /* Project object */ = {
			isa = PBXProject;
			attributes = {
				LastSwiftUpdateCheck = 1110;
				LastUpgradeCheck = 1110;
				ORGANIZATIONNAME = "Hoang Tung";
				TargetAttributes = {
					6DBF433A2368362A0099A947 = {
						CreatedOnToolsVersion = 11.1;
					};
				};
			};
			buildConfigurationList = 6DBF4336236836290099A947 /* Build configuration list for PBXProject "Day08_exercises" */;
			compatibilityVersion = "Xcode 9.3";
			developmentRegion = en;
			hasScannedForEncodings = 0;
			knownRegions = (
				en,
				Base,
			);
			mainGroup = 6DBF4332236836290099A947;
			productRefGroup = 6DBF433C2368362A0099A947 /* Products */;
			projectDirPath = "";
			projectRoot = "";
			targets = (
				6DBF433A2368362A0099A947 /* Day08_exercises */,
			);
		};
/* End PBXProject section */

/* Begin PBXSourcesBuildPhase section */
		6DBF43372368362A0099A947 /* Sources */ = {
			isa = PBXSourcesBuildPhase;
			buildActionMask = 2147483647;
			files = (
				6DBF43482368374F0099A947 /* ex_02.swift in Sources */,
				6DBF434A236899730099A947 /* ex_03.swift in Sources */,
				6DBF433F2368362A0099A947 /* main.swift in Sources */,
				6D9BE6B62368A3F400DF9515 /* ex_04.swift in Sources */,
				6DBF4346236836870099A947 /* ex_01.swift in Sources */,
			);
			runOnlyForDeploymentPostprocessing = 0;
		};
/* End PBXSourcesBuildPhase section */

/* Begin XCBuildConfiguration section */
		6DBF43402368362A0099A947 /* Debug */ = {
			isa = XCBuildConfiguration;
			buildSettings = {
				ALWAYS_SEARCH_USER_PATHS = NO;
				CLANG_ANALYZER_NONNULL = YES;
				CLANG_ANALYZER_NUMBER_OBJECT_CONVERSION = YES_AGGRESSIVE;
				CLANG_CXX_LANGUAGE_STANDARD = "gnu++14";
				CLANG_CXX_LIBRARY = "libc++";
				CLANG_ENABLE_MODULES = YES;
				CLANG_ENABLE_OBJC_ARC = YES;
				CLANG_ENABLE_OBJC_WEAK = YES;
				CLANG_WARN_BLOCK_CAPTURE_AUTORELEASING = YES;
				CLANG_WARN_BOOL_CONVERSION = YES;
				CLANG_WARN_COMMA = YES;
				CLANG_WARN_CONSTANT_CONVERSION = YES;
				CLANG_WARN_DEPRECATED_OBJC_IMPLEMENTATIONS = YES;
				CLANG_WARN_DIRECT_OBJC_ISA_USAGE = YES_ERROR;
				CLANG_WARN_DOCUMENTATION_COMMENTS = YES;
				CLANG_WARN_EMPTY_BODY = YES;
				CLANG_WARN_ENUM_CONVERSION = YES;
				CLANG_WARN_INFINITE_RECURSION = YES;
				CLANG_WARN_INT_CONVERSION = YES;
				CLANG_WARN_NON_LITERAL_NULL_CONVERSION = YES;
				CLANG_WARN_OBJC_IMPLICIT_RETAIN_SELF = YES;
				CLANG_WARN_OBJC_LITERAL_CONVERSION = YES;
				CLANG_WARN_OBJC_ROOT_CLASS = YES_ERROR;
				CLANG_WARN_RANGE_LOOP_ANALYSIS = YES;
				CLANG_WARN_STRICT_PROTOTYPES = YES;
				CLANG_WARN_SUSPICIOUS_MOVE = YES;
				CLANG_WARN_UNGUARDED_AVAILABILITY = YES_AGGRESSIVE;
				CLANG_WARN_UNREACHABLE_CODE = YES;
				CLANG_WARN__DUPLICATE_METHOD_MATCH = YES;
				COPY_PHASE_STRIP = NO;
				DEBUG_INFORMATION_FORMAT = dwarf;
				ENABLE_STRICT_OBJC_MSGSEND = YES;
				ENABLE_TESTABILITY = YES;
				GCC_C_LANGUAGE_STANDARD = gnu11;
				GCC_DYNAMIC_NO_PIC = NO;
				GCC_NO_COMMON_BLOCKS = YES;
				GCC_OPTIMIZATION_LEVEL = 0;
				GCC_PREPROCESSOR_DEFINITIONS = (
					"DEBUG=1",
					"$(inherited)",
				);
				GCC_WARN_64_TO_32_BIT_CONVERSION = YES;
				GCC_WARN_ABOUT_RETURN_TYPE = YES_ERROR;
				GCC_WARN_UNDECLARED_SELECTOR = YES;
				GCC_WARN_UNINITIALIZED_AUTOS = YES_AGGRESSIVE;
				GCC_WARN_UNUSED_FUNCTION = YES;
				GCC_WARN_UNUSED_VARIABLE = YES;
				MACOSX_DEPLOYMENT_TARGET = 10.15;
				MTL_ENABLE_DEBUG_INFO = INCLUDE_SOURCE;
				MTL_FAST_MATH = YES;
				ONLY_ACTIVE_ARCH = YES;
				SDKROOT = macosx;
				SWIFT_ACTIVE_COMPILATION_CONDITIONS = DEBUG;
				SWIFT_OPTIMIZATION_LEVEL = "-Onone";
			};
			name = Debug;
		};
		6DBF43412368362A0099A947 /* Release */ = {
			isa = XCBuildConfiguration;
			buildSettings = {
				ALWAYS_SEARCH_USER_PATHS = NO;
				CLANG_ANALYZER_NONNULL = YES;
				CLANG_ANALYZER_NUMBER_OBJECT_CONVERSION = YES_AGGRESSIVE;
				CLANG_CXX_LANGUAGE_STANDARD = "gnu++14";
				CLANG_CXX_LIBRARY = "libc++";
				CLANG_ENABLE_MODULES = YES;
				CLANG_ENABLE_OBJC_ARC = YES;
				CLANG_ENABLE_OBJC_WEAK = YES;
				CLANG_WARN_BLOCK_CAPTURE_AUTORELEASING = YES;
				CLANG_WARN_BOOL_CONVERSION = YES;
				CLANG_WARN_COMMA = YES;
				CLANG_WARN_CONSTANT_CONVERSION = YES;
				CLANG_WARN_DEPRECATED_OBJC_IMPLEMENTATIONS = YES;
				CLANG_WARN_DIRECT_OBJC_ISA_USAGE = YES_ERROR;
				CLANG_WARN_DOCUMENTATION_COMMENTS = YES;
				CLANG_WARN_EMPTY_BODY = YES;
				CLANG_WARN_ENUM_CONVERSION = YES;
				CLANG_WARN_INFINITE_RECURSION = YES;
				CLANG_WARN_INT_CONVERSION = YES;
				CLANG_WARN_NON_LITERAL_NULL_CONVERSION = YES;
				CLANG_WARN_OBJC_IMPLICIT_RETAIN_SELF = YES;
				CLANG_WARN_OBJC_LITERAL_CONVERSION = YES;
				CLANG_WARN_OBJC_ROOT_CLASS = YES_ERROR;
				CLANG_WARN_RANGE_LOOP_ANALYSIS = YES;
				CLANG_WARN_STRICT_PROTOTYPES = YES;
				CLANG_WARN_SUSPICIOUS_MOVE = YES;
				CLANG_WARN_UNGUARDED_AVAILABILITY = YES_AGGRESSIVE;
				CLANG_WARN_UNREACHABLE_CODE = YES;
				CLANG_WARN__DUPLICATE_METHOD_MATCH = YES;
				COPY_PHASE_STRIP = NO;
				DEBUG_INFORMATION_FORMAT = "dwarf-with-dsym";
				ENABLE_NS_ASSERTIONS = NO;
				ENABLE_STRICT_OBJC_MSGSEND = YES;
				GCC_C_LANGUAGE_STANDARD = gnu11;
				GCC_NO_COMMON_BLOCKS = YES;
				GCC_WARN_64_TO_32_BIT_CONVERSION = YES;
				GCC_WARN_ABOUT_RETURN_TYPE = YES_ERROR;
				GCC_WARN_UNDECLARED_SELECTOR = YES;
				GCC_WARN_UNINITIALIZED_AUTOS = YES_AGGRESSIVE;
				GCC_WARN_UNUSED_FUNCTION = YES;
				GCC_WARN_UNUSED_VARIABLE = YES;
				MACOSX_DEPLOYMENT_TARGET = 10.15;
				MTL_ENABLE_DEBUG_INFO = NO;
				MTL_FAST_MATH = YES;
				SDKROOT = macosx;
				SWIFT_COMPILATION_MODE = wholemodule;
				SWIFT_OPTIMIZATION_LEVEL = "-O";
			};
			name = Release;
		};
		6DBF43432368362A0099A947 /* Debug */ = {
			isa = XCBuildConfiguration;
			buildSettings = {
				CODE_SIGN_STYLE = Automatic;
				DEVELOPMENT_TEAM = 448WS6UWDS;
				ENABLE_HARDENED_RUNTIME = YES;
				PRODUCT_NAME = "$(TARGET_NAME)";
				SWIFT_VERSION = 5.0;
			};
			name = Debug;
		};
		6DBF43442368362A0099A947 /* Release */ = {
			isa = XCBuildConfiguration;
			buildSettings = {
				CODE_SIGN_STYLE = Automatic;
				DEVELOPMENT_TEAM = 448WS6UWDS;
				ENABLE_HARDENED_RUNTIME = YES;
				PRODUCT_NAME = "$(TARGET_NAME)";
				SWIFT_VERSION = 5.0;
			};
			name = Release;
		};
/* End XCBuildConfiguration section */

/* Begin XCConfigurationList section */
		6DBF4336236836290099A947 /* Build configuration list for PBXProject "Day08_exercises" */ = {
			isa = XCConfigurationList;
			buildConfigurations = (
				6DBF43402368362A0099A947 /* Debug */,
				6DBF43412368362A0099A947 /* Release */,
			);
			defaultConfigurationIsVisible = 0;
			defaultConfigurationName = Release;
		};
		6DBF43422368362A0099A947 /* Build configuration list for PBXNativeTarget "Day08_exercises" */ = {
			isa = XCConfigurationList;
			buildConfigurations = (
				6DBF43432368362A0099A947 /* Debug */,
				6DBF43442368362A0099A947 /* Release */,
			);
			defaultConfigurationIsVisible = 0;
			defaultConfigurationName = Release;
		};
/* End XCConfigurationList section */
	};
	rootObject = 6DBF4333236836290099A947 /* Project object */;
}
