// !$*UTF8*$!
{
	archiveVersion = 1;
	classes = {
	};
	objectVersion = 50;
	objects = {

/* Begin PBXBuildFile section */
		6D69E0D62365449200D8473A /* main.swift in Sources */ = {isa = PBXBuildFile; fileRef = 6D69E0D52365449200D8473A /* main.swift */; };
		6D69E0DD236544C400D8473A /* ex_01.swift in Sources */ = {isa = PBXBuildFile; fileRef = 6D69E0DC236544C400D8473A /* ex_01.swift */; };
		6D69E0DF23654D4B00D8473A /* ex_02.swift in Sources */ = {isa = PBXBuildFile; fileRef = 6D69E0DE23654D4B00D8473A /* ex_02.swift */; };
		6DC1A8882365531300295758 /* ex_03.swift in Sources */ = {isa = PBXBuildFile; fileRef = 6DC1A8872365531300295758 /* ex_03.swift */; };
		6DC1A88A236557BF00295758 /* ex_04.swift in Sources */ = {isa = PBXBuildFile; fileRef = 6DC1A889236557BF00295758 /* ex_04.swift */; };
/* End PBXBuildFile section */

/* Begin PBXCopyFilesBuildPhase section */
		6D69E0D02365449200D8473A /* CopyFiles */ = {
			isa = PBXCopyFilesBuildPhase;
			buildActionMask = 2147483647;
			dstPath = /usr/share/man/man1/;
			dstSubfolderSpec = 0;
			files = (
			);
			runOnlyForDeploymentPostprocessing = 1;
		};
/* End PBXCopyFilesBuildPhase section */

/* Begin PBXFileReference section */
		6D69E0D22365449200D8473A /* Day07_exercises */ = {isa = PBXFileReference; explicitFileType = "compiled.mach-o.executable"; includeInIndex = 0; path = Day07_exercises; sourceTree = BUILT_PRODUCTS_DIR; };
		6D69E0D52365449200D8473A /* main.swift */ = {isa = PBXFileReference; lastKnownFileType = sourcecode.swift; path = main.swift; sourceTree = "<group>"; };
		6D69E0DC236544C400D8473A /* ex_01.swift */ = {isa = PBXFileReference; lastKnownFileType = sourcecode.swift; path = ex_01.swift; sourceTree = "<group>"; };
		6D69E0DE23654D4B00D8473A /* ex_02.swift */ = {isa = PBXFileReference; lastKnownFileType = sourcecode.swift; path = ex_02.swift; sourceTree = "<group>"; };
		6DC1A8872365531300295758 /* ex_03.swift */ = {isa = PBXFileReference; lastKnownFileType = sourcecode.swift; path = ex_03.swift; sourceTree = "<group>"; };
		6DC1A889236557BF00295758 /* ex_04.swift */ = {isa = PBXFileReference; lastKnownFileType = sourcecode.swift; path = ex_04.swift; sourceTree = "<group>"; };
/* End PBXFileReference section */

/* Begin PBXFrameworksBuildPhase section */
		6D69E0CF2365449200D8473A /* Frameworks */ = {
			isa = PBXFrameworksBuildPhase;
			buildActionMask = 2147483647;
			files = (
			);
			runOnlyForDeploymentPostprocessing = 0;
		};
/* End PBXFrameworksBuildPhase section */

/* Begin PBXGroup section */
		6D69E0C92365449200D8473A = {
			isa = PBXGroup;
			children = (
				6D69E0D42365449200D8473A /* Day07_exercises */,
				6D69E0D32365449200D8473A /* Products */,
			);
			sourceTree = "<group>";
		};
		6D69E0D32365449200D8473A /* Products */ = {
			isa = PBXGroup;
			children = (
				6D69E0D22365449200D8473A /* Day07_exercises */,
			);
			name = Products;
			sourceTree = "<group>";
		};
		6D69E0D42365449200D8473A /* Day07_exercises */ = {
			isa = PBXGroup;
			children = (
				6D69E0D52365449200D8473A /* main.swift */,
				6DC1A8872365531300295758 /* ex_03.swift */,
				6D69E0DE23654D4B00D8473A /* ex_02.swift */,
				6D69E0DC236544C400D8473A /* ex_01.swift */,
				6DC1A889236557BF00295758 /* ex_04.swift */,
			);
			path = Day07_exercises;
			sourceTree = "<group>";
		};
/* End PBXGroup section */

/* Begin PBXNativeTarget section */
		6D69E0D12365449200D8473A /* Day07_exercises */ = {
			isa = PBXNativeTarget;
			buildConfigurationList = 6D69E0D92365449200D8473A /* Build configuration list for PBXNativeTarget "Day07_exercises" */;
			buildPhases = (
				6D69E0CE2365449200D8473A /* Sources */,
				6D69E0CF2365449200D8473A /* Frameworks */,
				6D69E0D02365449200D8473A /* CopyFiles */,
			);
			buildRules = (
			);
			dependencies = (
			);
			name = Day07_exercises;
			productName = Day07_exercises;
			productReference = 6D69E0D22365449200D8473A /* Day07_exercises */;
			productType = "com.apple.product-type.tool";
		};
/* End PBXNativeTarget section */

/* Begin PBXProject section */
		6D69E0CA2365449200D8473A /* Project object */ = {
			isa = PBXProject;
			attributes = {
				LastSwiftUpdateCheck = 1110;
				LastUpgradeCheck = 1110;
				ORGANIZATIONNAME = "Hoang Tung";
				TargetAttributes = {
					6D69E0D12365449200D8473A = {
						CreatedOnToolsVersion = 11.1;
					};
				};
			};
			buildConfigurationList = 6D69E0CD2365449200D8473A /* Build configuration list for PBXProject "Day07_exercises" */;
			compatibilityVersion = "Xcode 9.3";
			developmentRegion = en;
			hasScannedForEncodings = 0;
			knownRegions = (
				en,
				Base,
			);
			mainGroup = 6D69E0C92365449200D8473A;
			productRefGroup = 6D69E0D32365449200D8473A /* Products */;
			projectDirPath = "";
			projectRoot = "";
			targets = (
				6D69E0D12365449200D8473A /* Day07_exercises */,
			);
		};
/* End PBXProject section */

/* Begin PBXSourcesBuildPhase section */
		6D69E0CE2365449200D8473A /* Sources */ = {
			isa = PBXSourcesBuildPhase;
			buildActionMask = 2147483647;
			files = (
				6D69E0DF23654D4B00D8473A /* ex_02.swift in Sources */,
				6DC1A8882365531300295758 /* ex_03.swift in Sources */,
				6D69E0D62365449200D8473A /* main.swift in Sources */,
				6DC1A88A236557BF00295758 /* ex_04.swift in Sources */,
				6D69E0DD236544C400D8473A /* ex_01.swift in Sources */,
			);
			runOnlyForDeploymentPostprocessing = 0;
		};
/* End PBXSourcesBuildPhase section */

/* Begin XCBuildConfiguration section */
		6D69E0D72365449200D8473A /* Debug */ = {
			isa = XCBuildConfiguration;
			buildSettings = {
				ALWAYS_SEARCH_USER_PATHS = NO;
				CLANG_ANALYZER_NONNULL = YES;
				CLANG_ANALYZER_NUMBER_OBJECT_CONVERSION = YES_AGGRESSIVE;
				CLANG_CXX_LANGUAGE_STANDARD = "gnu++14";
				CLANG_CXX_LIBRARY = "libc++";
				CLANG_ENABLE_MODULES = YES;
				CLANG_ENABLE_OBJC_ARC = YES;
				CLANG_ENABLE_OBJC_WEAK = YES;
				CLANG_WARN_BLOCK_CAPTURE_AUTORELEASING = YES;
				CLANG_WARN_BOOL_CONVERSION = YES;
				CLANG_WARN_COMMA = YES;
				CLANG_WARN_CONSTANT_CONVERSION = YES;
				CLANG_WARN_DEPRECATED_OBJC_IMPLEMENTATIONS = YES;
				CLANG_WARN_DIRECT_OBJC_ISA_USAGE = YES_ERROR;
				CLANG_WARN_DOCUMENTATION_COMMENTS = YES;
				CLANG_WARN_EMPTY_BODY = YES;
				CLANG_WARN_ENUM_CONVERSION = YES;
				CLANG_WARN_INFINITE_RECURSION = YES;
				CLANG_WARN_INT_CONVERSION = YES;
				CLANG_WARN_NON_LITERAL_NULL_CONVERSION = YES;
				CLANG_WARN_OBJC_IMPLICIT_RETAIN_SELF = YES;
				CLANG_WARN_OBJC_LITERAL_CONVERSION = YES;
				CLANG_WARN_OBJC_ROOT_CLASS = YES_ERROR;
				CLANG_WARN_RANGE_LOOP_ANALYSIS = YES;
				CLANG_WARN_STRICT_PROTOTYPES = YES;
				CLANG_WARN_SUSPICIOUS_MOVE = YES;
				CLANG_WARN_UNGUARDED_AVAILABILITY = YES_AGGRESSIVE;
				CLANG_WARN_UNREACHABLE_CODE = YES;
				CLANG_WARN__DUPLICATE_METHOD_MATCH = YES;
				COPY_PHASE_STRIP = NO;
				DEBUG_INFORMATION_FORMAT = dwarf;
				ENABLE_STRICT_OBJC_MSGSEND = YES;
				ENABLE_TESTABILITY = YES;
				GCC_C_LANGUAGE_STANDARD = gnu11;
				GCC_DYNAMIC_NO_PIC = NO;
				GCC_NO_COMMON_BLOCKS = YES;
				GCC_OPTIMIZATION_LEVEL = 0;
				GCC_PREPROCESSOR_DEFINITIONS = (
					"DEBUG=1",
					"$(inherited)",
				);
				GCC_WARN_64_TO_32_BIT_CONVERSION = YES;
				GCC_WARN_ABOUT_RETURN_TYPE = YES_ERROR;
				GCC_WARN_UNDECLARED_SELECTOR = YES;
				GCC_WARN_UNINITIALIZED_AUTOS = YES_AGGRESSIVE;
				GCC_WARN_UNUSED_FUNCTION = YES;
				GCC_WARN_UNUSED_VARIABLE = YES;
				MACOSX_DEPLOYMENT_TARGET = 10.15;
				MTL_ENABLE_DEBUG_INFO = INCLUDE_SOURCE;
				MTL_FAST_MATH = YES;
				ONLY_ACTIVE_ARCH = YES;
				SDKROOT = macosx;
				SWIFT_ACTIVE_COMPILATION_CONDITIONS = DEBUG;
				SWIFT_OPTIMIZATION_LEVEL = "-Onone";
			};
			name = Debug;
		};
		6D69E0D82365449200D8473A /* Release */ = {
			isa = XCBuildConfiguration;
			buildSettings = {
				ALWAYS_SEARCH_USER_PATHS = NO;
				CLANG_ANALYZER_NONNULL = YES;
				CLANG_ANALYZER_NUMBER_OBJECT_CONVERSION = YES_AGGRESSIVE;
				CLANG_CXX_LANGUAGE_STANDARD = "gnu++14";
				CLANG_CXX_LIBRARY = "libc++";
				CLANG_ENABLE_MODULES = YES;
				CLANG_ENABLE_OBJC_ARC = YES;
				CLANG_ENABLE_OBJC_WEAK = YES;
				CLANG_WARN_BLOCK_CAPTURE_AUTORELEASING = YES;
				CLANG_WARN_BOOL_CONVERSION = YES;
				CLANG_WARN_COMMA = YES;
				CLANG_WARN_CONSTANT_CONVERSION = YES;
				CLANG_WARN_DEPRECATED_OBJC_IMPLEMENTATIONS = YES;
				CLANG_WARN_DIRECT_OBJC_ISA_USAGE = YES_ERROR;
				CLANG_WARN_DOCUMENTATION_COMMENTS = YES;
				CLANG_WARN_EMPTY_BODY = YES;
				CLANG_WARN_ENUM_CONVERSION = YES;
				CLANG_WARN_INFINITE_RECURSION = YES;
				CLANG_WARN_INT_CONVERSION = YES;
				CLANG_WARN_NON_LITERAL_NULL_CONVERSION = YES;
				CLANG_WARN_OBJC_IMPLICIT_RETAIN_SELF = YES;
				CLANG_WARN_OBJC_LITERAL_CONVERSION = YES;
				CLANG_WARN_OBJC_ROOT_CLASS = YES_ERROR;
				CLANG_WARN_RANGE_LOOP_ANALYSIS = YES;
				CLANG_WARN_STRICT_PROTOTYPES = YES;
				CLANG_WARN_SUSPICIOUS_MOVE = YES;
				CLANG_WARN_UNGUARDED_AVAILABILITY = YES_AGGRESSIVE;
				CLANG_WARN_UNREACHABLE_CODE = YES;
				CLANG_WARN__DUPLICATE_METHOD_MATCH = YES;
				COPY_PHASE_STRIP = NO;
				DEBUG_INFORMATION_FORMAT = "dwarf-with-dsym";
				ENABLE_NS_ASSERTIONS = NO;
				ENABLE_STRICT_OBJC_MSGSEND = YES;
				GCC_C_LANGUAGE_STANDARD = gnu11;
				GCC_NO_COMMON_BLOCKS = YES;
				GCC_WARN_64_TO_32_BIT_CONVERSION = YES;
				GCC_WARN_ABOUT_RETURN_TYPE = YES_ERROR;
				GCC_WARN_UNDECLARED_SELECTOR = YES;
				GCC_WARN_UNINITIALIZED_AUTOS = YES_AGGRESSIVE;
				GCC_WARN_UNUSED_FUNCTION = YES;
				GCC_WARN_UNUSED_VARIABLE = YES;
				MACOSX_DEPLOYMENT_TARGET = 10.15;
				MTL_ENABLE_DEBUG_INFO = NO;
				MTL_FAST_MATH = YES;
				SDKROOT = macosx;
				SWIFT_COMPILATION_MODE = wholemodule;
				SWIFT_OPTIMIZATION_LEVEL = "-O";
			};
			name = Release;
		};
		6D69E0DA2365449200D8473A /* Debug */ = {
			isa = XCBuildConfiguration;
			buildSettings = {
				CODE_SIGN_STYLE = Automatic;
				DEVELOPMENT_TEAM = 448WS6UWDS;
				ENABLE_HARDENED_RUNTIME = YES;
				PRODUCT_NAME = "$(TARGET_NAME)";
				SWIFT_VERSION = 5.0;
			};
			name = Debug;
		};
		6D69E0DB2365449200D8473A /* Release */ = {
			isa = XCBuildConfiguration;
			buildSettings = {
				CODE_SIGN_STYLE = Automatic;
				DEVELOPMENT_TEAM = 448WS6UWDS;
				ENABLE_HARDENED_RUNTIME = YES;
				PRODUCT_NAME = "$(TARGET_NAME)";
				SWIFT_VERSION = 5.0;
			};
			name = Release;
		};
/* End XCBuildConfiguration section */

/* Begin XCConfigurationList section */
		6D69E0CD2365449200D8473A /* Build configuration list for PBXProject "Day07_exercises" */ = {
			isa = XCConfigurationList;
			buildConfigurations = (
				6D69E0D72365449200D8473A /* Debug */,
				6D69E0D82365449200D8473A /* Release */,
			);
			defaultConfigurationIsVisible = 0;
			defaultConfigurationName = Release;
		};
		6D69E0D92365449200D8473A /* Build configuration list for PBXNativeTarget "Day07_exercises" */ = {
			isa = XCConfigurationList;
			buildConfigurations = (
				6D69E0DA2365449200D8473A /* Debug */,
				6D69E0DB2365449200D8473A /* Release */,
			);
			defaultConfigurationIsVisible = 0;
			defaultConfigurationName = Release;
		};
/* End XCConfigurationList section */
	};
	rootObject = 6D69E0CA2365449200D8473A /* Project object */;
}
